
Microsoft Visual Studio Solution File, Format Version 12.00
# Visual Studio 15
VisualStudioVersion = 15.0.27703.2035
MinimumVisualStudioVersion = 10.0.40219.1
Project("{FAE04EC0-301F-11D3-BF4B-00C04F79EFBC}") = "XsltCreator", "WebApplication6\XsltCreator.csproj", "{0C6DEABD-47D9-4532-A0E7-38B841AA4DEC}"
EndProject
Global
	GlobalSection(SolutionConfigurationPlatforms) = preSolution
		Debug|Any CPU = Debug|Any CPU
		Release|Any CPU = Release|Any CPU
	EndGlobalSection
	GlobalSection(ProjectConfigurationPlatforms) = postSolution
		{0C6DEABD-47D9-4532-A0E7-38B841AA4DEC}.Debug|Any CPU.ActiveCfg = Debug|Any CPU
		{0C6DEABD-47D9-4532-A0E7-38B841AA4DEC}.Debug|Any CPU.Build.0 = Debug|Any CPU
		{0C6DEABD-47D9-4532-A0E7-38B841AA4DEC}.Release|Any CPU.ActiveCfg = Release|Any CPU
		{0C6DEABD-47D9-4532-A0E7-38B841AA4DEC}.Release|Any CPU.Build.0 = Release|Any CPU
	EndGlobalSection
	GlobalSection(SolutionProperties) = preSolution
		HideSolutionNode = FALSE
	EndGlobalSection
	GlobalSection(ExtensibilityGlobals) = postSolution
		SolutionGuid = {0C7F498A-420A-48CE-AD55-50A36F20B563}
	EndGlobalSection
EndGlobal
